
Microsoft Visual Studio Solution File, Format Version 12.00
# Visual Studio Version 17
VisualStudioVersion = 17.0.31919.166
MinimumVisualStudioVersion = 10.0.40219.1
Project("{FAE04EC0-301F-11D3-BF4B-00C04F79EFBC}") = "Exercicios", "Exercicios\Exercicios.csproj", "{7AFA28EB-210C-4908-9853-DADD8ECE7EB0}"
EndProject
Global
	GlobalSection(SolutionConfigurationPlatforms) = preSolution
		Debug|Any CPU = Debug|Any CPU
		Release|Any CPU = Release|Any CPU
	EndGlobalSection
	GlobalSection(ProjectConfigurationPlatforms) = postSolution
		{7AFA28EB-210C-4908-9853-DADD8ECE7EB0}.Debug|Any CPU.ActiveCfg = Debug|Any CPU
		{7AFA28EB-210C-4908-9853-DADD8ECE7EB0}.Debug|Any CPU.Build.0 = Debug|Any CPU
		{7AFA28EB-210C-4908-9853-DADD8ECE7EB0}.Release|Any CPU.ActiveCfg = Release|Any CPU
		{7AFA28EB-210C-4908-9853-DADD8ECE7EB0}.Release|Any CPU.Build.0 = Release|Any CPU
	EndGlobalSection
	GlobalSection(SolutionProperties) = preSolution
		HideSolutionNode = FALSE
	EndGlobalSection
	GlobalSection(ExtensibilityGlobals) = postSolution
		SolutionGuid = {7883E2D5-9486-4C7E-8CD2-D83FF22F0C2D}
	EndGlobalSection
EndGlobal
